
Microsoft Visual Studio Solution File, Format Version 12.00
# Visual Studio Version 16
VisualStudioVersion = 16.0.29503.13
MinimumVisualStudioVersion = 10.0.40219.1
Project("{9A19103F-16F7-4668-BE54-9A1E7A4F7556}") = "mvc_jquery_webpack_template", "mvc_jquery_webpack_template.csproj", "{C6078B7C-9A2A-4497-9A9A-9102B024EB64}"
EndProject
Global
	GlobalSection(SolutionConfigurationPlatforms) = preSolution
		Debug|Any CPU = Debug|Any CPU
		Release|Any CPU = Release|Any CPU
	EndGlobalSection
	GlobalSection(ProjectConfigurationPlatforms) = postSolution
		{C6078B7C-9A2A-4497-9A9A-9102B024EB64}.Debug|Any CPU.ActiveCfg = Debug|Any CPU
		{C6078B7C-9A2A-4497-9A9A-9102B024EB64}.Debug|Any CPU.Build.0 = Debug|Any CPU
		{C6078B7C-9A2A-4497-9A9A-9102B024EB64}.Release|Any CPU.ActiveCfg = Release|Any CPU
		{C6078B7C-9A2A-4497-9A9A-9102B024EB64}.Release|Any CPU.Build.0 = Release|Any CPU
	EndGlobalSection
	GlobalSection(SolutionProperties) = preSolution
		HideSolutionNode = FALSE
	EndGlobalSection
	GlobalSection(ExtensibilityGlobals) = postSolution
		SolutionGuid = {86FD9F61-A951-4FAE-BFC4-9DCB28882D33}
	EndGlobalSection
EndGlobal
